
Microsoft Visual Studio Solution File, Format Version 12.00
# Visual Studio 15
VisualStudioVersion = 15.0.28010.2050
MinimumVisualStudioVersion = 10.0.40219.1
Project("{FAE04EC0-301F-11D3-BF4B-00C04F79EFBC}") = "WindowsFormsApp3", "WindowsFormsApp3\WindowsFormsApp3.csproj", "{138A3DFC-727B-442C-9690-8907F74A3CE8}"
EndProject
Global
	GlobalSection(SolutionConfigurationPlatforms) = preSolution
		Debug|Any CPU = Debug|Any CPU
		Release|Any CPU = Release|Any CPU
	EndGlobalSection
	GlobalSection(ProjectConfigurationPlatforms) = postSolution
		{138A3DFC-727B-442C-9690-8907F74A3CE8}.Debug|Any CPU.ActiveCfg = Debug|Any CPU
		{138A3DFC-727B-442C-9690-8907F74A3CE8}.Debug|Any CPU.Build.0 = Debug|Any CPU
		{138A3DFC-727B-442C-9690-8907F74A3CE8}.Release|Any CPU.ActiveCfg = Release|Any CPU
		{138A3DFC-727B-442C-9690-8907F74A3CE8}.Release|Any CPU.Build.0 = Release|Any CPU
	EndGlobalSection
	GlobalSection(SolutionProperties) = preSolution
		HideSolutionNode = FALSE
	EndGlobalSection
	GlobalSection(ExtensibilityGlobals) = postSolution
		SolutionGuid = {774AA264-B326-4AF3-9469-CD907670B7C3}
	EndGlobalSection
EndGlobal
